Microsoft Visual Studio Solution File, Format Version 12.00
# Visual Studio Version 17
VisualStudioVersion = 17.5.2.0
MinimumVisualStudioVersion = 10.0.40219.1
Project("{FAE04EC0-301F-11D3-BF4B-00C04F79EFBC}") = "Backend.API", "Backend.API\Backend.API.csproj", "{4AF1C5C6-CA78-457F-A1A2-A861C167171F}"
EndProject
Global
	GlobalSection(SolutionProperties) = preSolution
		HideSolutionNode = FALSE
	EndGlobalSection
	GlobalSection(ExtensibilityGlobals) = postSolution
		SolutionGuid = {6656FECC-9F6F-4B49-BEDB-57E46BA67F36}
	EndGlobalSection
	GlobalSection(SolutionConfigurationPlatforms) = preSolution
		Debug|Any CPU = Debug|Any CPU
		Debug|x64 = Debug|x64
		Debug|x86 = Debug|x86
		Release|Any CPU = Release|Any CPU
		Release|x64 = Release|x64
		Release|x86 = Release|x86
	EndGlobalSection
	GlobalSection(ProjectConfigurationPlatforms) = postSolution
		{4AF1C5C6-CA78-457F-A1A2-A861C167171F}.Debug|Any CPU.ActiveCfg = Debug|Any CPU
		{4AF1C5C6-CA78-457F-A1A2-A861C167171F}.Debug|Any CPU.Build.0 = Debug|Any CPU
		{4AF1C5C6-CA78-457F-A1A2-A861C167171F}.Debug|x64.ActiveCfg = Debug|Any CPU
		{4AF1C5C6-CA78-457F-A1A2-A861C167171F}.Debug|x64.Build.0 = Debug|Any CPU
		{4AF1C5C6-CA78-457F-A1A2-A861C167171F}.Debug|x86.ActiveCfg = Debug|Any CPU
		{4AF1C5C6-CA78-457F-A1A2-A861C167171F}.Debug|x86.Build.0 = Debug|Any CPU
		{4AF1C5C6-CA78-457F-A1A2-A861C167171F}.Release|Any CPU.ActiveCfg = Release|Any CPU
		{4AF1C5C6-CA78-457F-A1A2-A861C167171F}.Release|Any CPU.Build.0 = Release|Any CPU
		{4AF1C5C6-CA78-457F-A1A2-A861C167171F}.Release|x64.ActiveCfg = Release|Any CPU
		{4AF1C5C6-CA78-457F-A1A2-A861C167171F}.Release|x64.Build.0 = Release|Any CPU
		{4AF1C5C6-CA78-457F-A1A2-A861C167171F}.Release|x86.ActiveCfg = Release|Any CPU
		{4AF1C5C6-CA78-457F-A1A2-A861C167171F}.Release|x86.Build.0 = Release|Any CPU
	EndGlobalSection
EndGlobal
